<Solution>
  <Project Path="Zenject.csproj" />
  <Project Path="FishNet.Runtime.csproj" />
  <Project Path="UniTask.csproj" />
  <Project Path="FishNet.Demos.csproj" />
  <Project Path="UniTask.Linq.csproj" />
  <Project Path="SynapseSocket.csproj" />
  <Project Path="Zenject-Editor.csproj" />
  <Project Path="CoOp.Main.csproj" />
  <Project Path="Unity.FishNet.Codegen.csproj" />
  <Project Path="HSR.NPRShader.Runtime.csproj" />
  <Project Path="FishNet.Codegen.Cecil.csproj" />
  <Project Path="GameKit.Dependencies.csproj" />
  <Project Path="MicroWorld.csproj" />
  <Project Path="UniTask.Addressables.csproj" />
  <Project Path="HSR.NPRShader.Editor.csproj" />
  <Project Path="Assembly-CSharp-firstpass.csproj" />
  <Project Path="CoOp.Data.csproj" />
  <Project Path="HSR.NPRShader.Runtime.Tests.csproj" />
  <Project Path="UniTask.TextMeshPro.csproj" />
  <Project Path="Assembly-CSharp-Editor.csproj" />
  <Project Path="CoOp.EditorTools.csproj" />
  <Project Path="MicroWorldEditor.csproj" />
  <Project Path="UniTask.Editor.csproj" />
  <Project Path="Assembly-CSharp.csproj" />
  <Project Path="HSR.NPRShader.Shaders.csproj" />
  <Project Path="UniTask.DOTween.csproj" />
  <Project Path="CoOp.Tests.EditMode.csproj" />
</Solution>
